
Microsoft Visual Studio Solution File, Format Version 12.00
# Visual Studio Version 17
VisualStudioVersion = 17.2.32526.322
MinimumVisualStudioVersion = 10.0.40219.1
Project("{FAE04EC0-301F-11D3-BF4B-00C04F79EFBC}") = "Telegram Bot Visual", "Telegram Bot Visual.csproj", "{939E8C18-F3B6-4715-B64D-39A35DEB0B1B}"
EndProject
Global
	GlobalSection(SolutionConfigurationPlatforms) = preSolution
		Debug|Any CPU = Debug|Any CPU
		Release|Any CPU = Release|Any CPU
	EndGlobalSection
	GlobalSection(ProjectConfigurationPlatforms) = postSolution
		{939E8C18-F3B6-4715-B64D-39A35DEB0B1B}.Debug|Any CPU.ActiveCfg = Debug|Any CPU
		{939E8C18-F3B6-4715-B64D-39A35DEB0B1B}.Debug|Any CPU.Build.0 = Debug|Any CPU
		{939E8C18-F3B6-4715-B64D-39A35DEB0B1B}.Release|Any CPU.ActiveCfg = Release|Any CPU
		{939E8C18-F3B6-4715-B64D-39A35DEB0B1B}.Release|Any CPU.Build.0 = Release|Any CPU
	EndGlobalSection
	GlobalSection(SolutionProperties) = preSolution
		HideSolutionNode = FALSE
	EndGlobalSection
	GlobalSection(ExtensibilityGlobals) = postSolution
		SolutionGuid = {F172ADA2-54D4-4A2C-A7EE-E17F1A8B4F6D}
	EndGlobalSection
EndGlobal
